<?xml version="1.0" encoding="UTF-8"?>
<!DOCTYPE plist PUBLIC "-//Apple//DTD PLIST 1.0//EN" "http://www.apple.com/DTDs/PropertyList-1.0.dtd">
<plist version="1.0">
<dict>
	<key>archiveVersion</key>
	<string>1</string>
	<key>classes</key>
	<dict/>
	<key>objectVersion</key>
	<string>46</string>
	<key>objects</key>
	<dict>
		<key>1FE4139161E8645935EC0B68</key>
		<dict>
			<key>buildActionMask</key>
			<string>2147483647</string>
			<key>files</key>
			<array/>
			<key>inputPaths</key>
			<array/>
			<key>isa</key>
			<string>PBXShellScriptBuildPhase</string>
			<key>name</key>
			<string>Check Pods Manifest.lock</string>
			<key>outputPaths</key>
			<array/>
			<key>runOnlyForDeploymentPostprocessing</key>
			<string>0</string>
			<key>shellPath</key>
			<string>/bin/sh</string>
			<key>shellScript</key>
			<string>diff "${PODS_ROOT}/../Podfile.lock" "${PODS_ROOT}/Manifest.lock" &gt; /dev/null
if [[ $? != 0 ]] ; then
    cat &lt;&lt; EOM
error: The sandbox is not in sync with the Podfile.lock. Run 'pod install' or update your CocoaPods installation.
EOM
    exit 1
fi
</string>
			<key>showEnvVarsInLog</key>
			<string>0</string>
		</dict>
		<key>6364A5B81A9EC68800409722</key>
		<dict>
			<key>fileEncoding</key>
			<string>4</string>
			<key>isa</key>
			<string>PBXFileReference</string>
			<key>lastKnownFileType</key>
			<string>sourcecode.c.h</string>
			<key>path</key>
			<string>PEBKeyboardDelegateObject.h</string>
			<key>sourceTree</key>
			<string>&lt;group&gt;</string>
		</dict>
		<key>6364A5B91A9EC68800409722</key>
		<dict>
			<key>fileEncoding</key>
			<string>4</string>
			<key>isa</key>
			<string>PBXFileReference</string>
			<key>lastKnownFileType</key>
			<string>sourcecode.c.objc</string>
			<key>path</key>
			<string>PEBKeyboardDelegateObject.m</string>
			<key>sourceTree</key>
			<string>&lt;group&gt;</string>
		</dict>
		<key>6364A5BA1A9EC68800409722</key>
		<dict>
			<key>fileRef</key>
			<string>6364A5B91A9EC68800409722</string>
			<key>isa</key>
			<string>PBXBuildFile</string>
		</dict>
		<key>64F6C8AC10548BAC0C814805</key>
		<dict>
			<key>fileRef</key>
			<string>A54AFE29AE6C07ED15FE62C1</string>
			<key>isa</key>
			<string>PBXBuildFile</string>
		</dict>
		<key>999E945622CF8FC04F6D6E48</key>
		<dict>
			<key>children</key>
			<array>
				<string>A54AFE29AE6C07ED15FE62C1</string>
			</array>
			<key>isa</key>
			<string>PBXGroup</string>
			<key>name</key>
			<string>Frameworks</string>
			<key>sourceTree</key>
			<string>&lt;group&gt;</string>
		</dict>
		<key>A54AFE29AE6C07ED15FE62C1</key>
		<dict>
			<key>explicitFileType</key>
			<string>archive.ar</string>
			<key>includeInIndex</key>
			<string>0</string>
			<key>isa</key>
			<string>PBXFileReference</string>
			<key>path</key>
			<string>libPods-PonyEmotionBoard.a</string>
			<key>sourceTree</key>
			<string>BUILT_PRODUCTS_DIR</string>
		</dict>
		<key>AC8F485AA6DD58D9246FB98F</key>
		<dict>
			<key>buildActionMask</key>
			<string>2147483647</string>
			<key>files</key>
			<array/>
			<key>inputPaths</key>
			<array/>
			<key>isa</key>
			<string>PBXShellScriptBuildPhase</string>
			<key>name</key>
			<string>Copy Pods Resources</string>
			<key>outputPaths</key>
			<array/>
			<key>runOnlyForDeploymentPostprocessing</key>
			<string>0</string>
			<key>shellPath</key>
			<string>/bin/sh</string>
			<key>shellScript</key>
			<string>"${SRCROOT}/Pods/Target Support Files/Pods-PonyEmotionBoard/Pods-PonyEmotionBoard-resources.sh"
</string>
			<key>showEnvVarsInLog</key>
			<string>0</string>
		</dict>
		<key>B0099B131540A0E61C404ABB</key>
		<dict>
			<key>children</key>
			<array>
				<string>E2628217CB017D5D326DD3A8</string>
				<string>E526C7F81DACE20A834A6FBF</string>
			</array>
			<key>isa</key>
			<string>PBXGroup</string>
			<key>name</key>
			<string>Pods</string>
			<key>sourceTree</key>
			<string>&lt;group&gt;</string>
		</dict>
		<key>E2628217CB017D5D326DD3A8</key>
		<dict>
			<key>includeInIndex</key>
			<string>1</string>
			<key>isa</key>
			<string>PBXFileReference</string>
			<key>lastKnownFileType</key>
			<string>text.xcconfig</string>
			<key>name</key>
			<string>Pods-PonyEmotionBoard.debug.xcconfig</string>
			<key>path</key>
			<string>Pods/Target Support Files/Pods-PonyEmotionBoard/Pods-PonyEmotionBoard.debug.xcconfig</string>
			<key>sourceTree</key>
			<string>&lt;group&gt;</string>
		</dict>
		<key>E526C7F81DACE20A834A6FBF</key>
		<dict>
			<key>includeInIndex</key>
			<string>1</string>
			<key>isa</key>
			<string>PBXFileReference</string>
			<key>lastKnownFileType</key>
			<string>text.xcconfig</string>
			<key>name</key>
			<string>Pods-PonyEmotionBoard.release.xcconfig</string>
			<key>path</key>
			<string>Pods/Target Support Files/Pods-PonyEmotionBoard/Pods-PonyEmotionBoard.release.xcconfig</string>
			<key>sourceTree</key>
			<string>&lt;group&gt;</string>
		</dict>
		<key>F0EDFBA41A9ABD4C005FCB07</key>
		<dict>
			<key>children</key>
			<array>
				<string>F0EDFBAF1A9ABD4D005FCB07</string>
				<string>F0EDFBC91A9ABD4D005FCB07</string>
				<string>F0EDFBAE1A9ABD4D005FCB07</string>
				<string>B0099B131540A0E61C404ABB</string>
				<string>999E945622CF8FC04F6D6E48</string>
			</array>
			<key>isa</key>
			<string>PBXGroup</string>
			<key>sourceTree</key>
			<string>&lt;group&gt;</string>
		</dict>
		<key>F0EDFBA51A9ABD4D005FCB07</key>
		<dict>
			<key>attributes</key>
			<dict>
				<key>CLASSPREFIX</key>
				<string>PEB</string>
				<key>LastUpgradeCheck</key>
				<string>0600</string>
				<key>ORGANIZATIONNAME</key>
				<string>&#23828; &#26126;&#36745;</string>
				<key>TargetAttributes</key>
				<dict>
					<key>F0EDFBAC1A9ABD4D005FCB07</key>
					<dict>
						<key>CreatedOnToolsVersion</key>
						<string>6.0</string>
					</dict>
					<key>F0EDFBC51A9ABD4D005FCB07</key>
					<dict>
						<key>CreatedOnToolsVersion</key>
						<string>6.0</string>
						<key>TestTargetID</key>
						<string>F0EDFBAC1A9ABD4D005FCB07</string>
					</dict>
				</dict>
			</dict>
			<key>buildConfigurationList</key>
			<string>F0EDFBA81A9ABD4D005FCB07</string>
			<key>compatibilityVersion</key>
			<string>Xcode 3.2</string>
			<key>developmentRegion</key>
			<string>English</string>
			<key>hasScannedForEncodings</key>
			<string>0</string>
			<key>isa</key>
			<string>PBXProject</string>
			<key>knownRegions</key>
			<array>
				<string>en</string>
				<string>Base</string>
			</array>
			<key>mainGroup</key>
			<string>F0EDFBA41A9ABD4C005FCB07</string>
			<key>productRefGroup</key>
			<string>F0EDFBAE1A9ABD4D005FCB07</string>
			<key>projectDirPath</key>
			<string></string>
			<key>projectReferences</key>
			<array/>
			<key>projectRoot</key>
			<string></string>
			<key>targets</key>
			<array>
				<string>F0EDFBAC1A9ABD4D005FCB07</string>
				<string>F0EDFBC51A9ABD4D005FCB07</string>
			</array>
		</dict>
		<key>F0EDFBA81A9ABD4D005FCB07</key>
		<dict>
			<key>buildConfigurations</key>
			<array>
				<string>F0EDFBCE1A9ABD4D005FCB07</string>
				<string>F0EDFBCF1A9ABD4D005FCB07</string>
			</array>
			<key>defaultConfigurationIsVisible</key>
			<string>0</string>
			<key>defaultConfigurationName</key>
			<string>Release</string>
			<key>isa</key>
			<string>XCConfigurationList</string>
		</dict>
		<key>F0EDFBA91A9ABD4D005FCB07</key>
		<dict>
			<key>buildActionMask</key>
			<string>2147483647</string>
			<key>files</key>
			<array>
				<string>F0EDFC0F1A9D770F005FCB07</string>
				<string>F0EDFBB91A9ABD4D005FCB07</string>
				<string>F0EDFBF41A9AC598005FCB07</string>
				<string>F0EDFBF01A9AC529005FCB07</string>
				<string>F0EDFBFA1A9C1A16005FCB07</string>
				<string>F0EDFC031A9C1CE2005FCB07</string>
				<string>F0EDFC091A9C294F005FCB07</string>
				<string>F0EDFBB61A9ABD4D005FCB07</string>
				<string>F0EDFBDE1A9AC312005FCB07</string>
				<string>F0EDFBFD1A9C1A23005FCB07</string>
				<string>6364A5BA1A9EC68800409722</string>
				<string>F0EDFC0C1A9D76F5005FCB07</string>
				<string>F0EDFBB31A9ABD4D005FCB07</string>
				<string>F0EDFC001A9C1C3E005FCB07</string>
				<string>F0EDFBF71A9AD3B9005FCB07</string>
				<string>F0EDFBE41A9AC35B005FCB07</string>
				<string>F0EDFC061A9C26EA005FCB07</string>
				<string>F0EDFBE11A9AC345005FCB07</string>
			</array>
			<key>isa</key>
			<string>PBXSourcesBuildPhase</string>
			<key>runOnlyForDeploymentPostprocessing</key>
			<string>0</string>
		</dict>
		<key>F0EDFBAA1A9ABD4D005FCB07</key>
		<dict>
			<key>buildActionMask</key>
			<string>2147483647</string>
			<key>files</key>
			<array>
				<string>64F6C8AC10548BAC0C814805</string>
			</array>
			<key>isa</key>
			<string>PBXFrameworksBuildPhase</string>
			<key>runOnlyForDeploymentPostprocessing</key>
			<string>0</string>
		</dict>
		<key>F0EDFBAB1A9ABD4D005FCB07</key>
		<dict>
			<key>buildActionMask</key>
			<string>2147483647</string>
			<key>files</key>
			<array>
				<string>F0EDFBBC1A9ABD4D005FCB07</string>
				<string>F0EDFBC11A9ABD4D005FCB07</string>
				<string>F0EDFBBE1A9ABD4D005FCB07</string>
				<string>F0EDFBEB1A9AC4FC005FCB07</string>
				<string>F0EDFBED1A9AC50E005FCB07</string>
			</array>
			<key>isa</key>
			<string>PBXResourcesBuildPhase</string>
			<key>runOnlyForDeploymentPostprocessing</key>
			<string>0</string>
		</dict>
		<key>F0EDFBAC1A9ABD4D005FCB07</key>
		<dict>
			<key>buildConfigurationList</key>
			<string>F0EDFBD01A9ABD4D005FCB07</string>
			<key>buildPhases</key>
			<array>
				<string>1FE4139161E8645935EC0B68</string>
				<string>F0EDFBA91A9ABD4D005FCB07</string>
				<string>F0EDFBAA1A9ABD4D005FCB07</string>
				<string>F0EDFBAB1A9ABD4D005FCB07</string>
				<string>AC8F485AA6DD58D9246FB98F</string>
			</array>
			<key>buildRules</key>
			<array/>
			<key>dependencies</key>
			<array/>
			<key>isa</key>
			<string>PBXNativeTarget</string>
			<key>name</key>
			<string>PonyEmotionBoard</string>
			<key>productName</key>
			<string>PonyEmotionBoard</string>
			<key>productReference</key>
			<string>F0EDFBAD1A9ABD4D005FCB07</string>
			<key>productType</key>
			<string>com.apple.product-type.application</string>
		</dict>
		<key>F0EDFBAD1A9ABD4D005FCB07</key>
		<dict>
			<key>explicitFileType</key>
			<string>wrapper.application</string>
			<key>includeInIndex</key>
			<string>0</string>
			<key>isa</key>
			<string>PBXFileReference</string>
			<key>path</key>
			<string>PonyEmotionBoard.app</string>
			<key>sourceTree</key>
			<string>BUILT_PRODUCTS_DIR</string>
		</dict>
		<key>F0EDFBAE1A9ABD4D005FCB07</key>
		<dict>
			<key>children</key>
			<array>
				<string>F0EDFBAD1A9ABD4D005FCB07</string>
				<string>F0EDFBC61A9ABD4D005FCB07</string>
			</array>
			<key>isa</key>
			<string>PBXGroup</string>
			<key>name</key>
			<string>Products</string>
			<key>sourceTree</key>
			<string>&lt;group&gt;</string>
		</dict>
		<key>F0EDFBAF1A9ABD4D005FCB07</key>
		<dict>
			<key>children</key>
			<array>
				<string>F0EDFBE91A9AC4DD005FCB07</string>
				<string>F0EDFBD61A9AC2F0005FCB07</string>
				<string>F0EDFBB41A9ABD4D005FCB07</string>
				<string>F0EDFBB51A9ABD4D005FCB07</string>
				<string>F0EDFBB71A9ABD4D005FCB07</string>
				<string>F0EDFBB81A9ABD4D005FCB07</string>
				<string>F0EDFBBA1A9ABD4D005FCB07</string>
				<string>F0EDFBBD1A9ABD4D005FCB07</string>
				<string>F0EDFBBF1A9ABD4D005FCB07</string>
				<string>F0EDFBB01A9ABD4D005FCB07</string>
			</array>
			<key>isa</key>
			<string>PBXGroup</string>
			<key>path</key>
			<string>PonyEmotionBoard</string>
			<key>sourceTree</key>
			<string>&lt;group&gt;</string>
		</dict>
		<key>F0EDFBB01A9ABD4D005FCB07</key>
		<dict>
			<key>children</key>
			<array>
				<string>F0EDFBB11A9ABD4D005FCB07</string>
				<string>F0EDFBB21A9ABD4D005FCB07</string>
			</array>
			<key>isa</key>
			<string>PBXGroup</string>
			<key>name</key>
			<string>Supporting Files</string>
			<key>sourceTree</key>
			<string>&lt;group&gt;</string>
		</dict>
		<key>F0EDFBB11A9ABD4D005FCB07</key>
		<dict>
			<key>isa</key>
			<string>PBXFileReference</string>
			<key>lastKnownFileType</key>
			<string>text.plist.xml</string>
			<key>path</key>
			<string>Info.plist</string>
			<key>sourceTree</key>
			<string>&lt;group&gt;</string>
		</dict>
		<key>F0EDFBB21A9ABD4D005FCB07</key>
		<dict>
			<key>isa</key>
			<string>PBXFileReference</string>
			<key>lastKnownFileType</key>
			<string>sourcecode.c.objc</string>
			<key>path</key>
			<string>main.m</string>
			<key>sourceTree</key>
			<string>&lt;group&gt;</string>
		</dict>
		<key>F0EDFBB31A9ABD4D005FCB07</key>
		<dict>
			<key>fileRef</key>
			<string>F0EDFBB21A9ABD4D005FCB07</string>
			<key>isa</key>
			<string>PBXBuildFile</string>
		</dict>
		<key>F0EDFBB41A9ABD4D005FCB07</key>
		<dict>
			<key>isa</key>
			<string>PBXFileReference</string>
			<key>lastKnownFileType</key>
			<string>sourcecode.c.h</string>
			<key>path</key>
			<string>AppDelegate.h</string>
			<key>sourceTree</key>
			<string>&lt;group&gt;</string>
		</dict>
		<key>F0EDFBB51A9ABD4D005FCB07</key>
		<dict>
			<key>isa</key>
			<string>PBXFileReference</string>
			<key>lastKnownFileType</key>
			<string>sourcecode.c.objc</string>
			<key>path</key>
			<string>AppDelegate.m</string>
			<key>sourceTree</key>
			<string>&lt;group&gt;</string>
		</dict>
		<key>F0EDFBB61A9ABD4D005FCB07</key>
		<dict>
			<key>fileRef</key>
			<string>F0EDFBB51A9ABD4D005FCB07</string>
			<key>isa</key>
			<string>PBXBuildFile</string>
		</dict>
		<key>F0EDFBB71A9ABD4D005FCB07</key>
		<dict>
			<key>isa</key>
			<string>PBXFileReference</string>
			<key>lastKnownFileType</key>
			<string>sourcecode.c.h</string>
			<key>path</key>
			<string>ViewController.h</string>
			<key>sourceTree</key>
			<string>&lt;group&gt;</string>
		</dict>
		<key>F0EDFBB81A9ABD4D005FCB07</key>
		<dict>
			<key>isa</key>
			<string>PBXFileReference</string>
			<key>lastKnownFileType</key>
			<string>sourcecode.c.objc</string>
			<key>path</key>
			<string>ViewController.m</string>
			<key>sourceTree</key>
			<string>&lt;group&gt;</string>
		</dict>
		<key>F0EDFBB91A9ABD4D005FCB07</key>
		<dict>
			<key>fileRef</key>
			<string>F0EDFBB81A9ABD4D005FCB07</string>
			<key>isa</key>
			<string>PBXBuildFile</string>
		</dict>
		<key>F0EDFBBA1A9ABD4D005FCB07</key>
		<dict>
			<key>children</key>
			<array>
				<string>F0EDFBBB1A9ABD4D005FCB07</string>
			</array>
			<key>isa</key>
			<string>PBXVariantGroup</string>
			<key>name</key>
			<string>Main.storyboard</string>
			<key>sourceTree</key>
			<string>&lt;group&gt;</string>
		</dict>
		<key>F0EDFBBB1A9ABD4D005FCB07</key>
		<dict>
			<key>isa</key>
			<string>PBXFileReference</string>
			<key>lastKnownFileType</key>
			<string>file.storyboard</string>
			<key>name</key>
			<string>Base</string>
			<key>path</key>
			<string>Base.lproj/Main.storyboard</string>
			<key>sourceTree</key>
			<string>&lt;group&gt;</string>
		</dict>
		<key>F0EDFBBC1A9ABD4D005FCB07</key>
		<dict>
			<key>fileRef</key>
			<string>F0EDFBBA1A9ABD4D005FCB07</string>
			<key>isa</key>
			<string>PBXBuildFile</string>
		</dict>
		<key>F0EDFBBD1A9ABD4D005FCB07</key>
		<dict>
			<key>isa</key>
			<string>PBXFileReference</string>
			<key>lastKnownFileType</key>
			<string>folder.assetcatalog</string>
			<key>path</key>
			<string>Images.xcassets</string>
			<key>sourceTree</key>
			<string>&lt;group&gt;</string>
		</dict>
		<key>F0EDFBBE1A9ABD4D005FCB07</key>
		<dict>
			<key>fileRef</key>
			<string>F0EDFBBD1A9ABD4D005FCB07</string>
			<key>isa</key>
			<string>PBXBuildFile</string>
		</dict>
		<key>F0EDFBBF1A9ABD4D005FCB07</key>
		<dict>
			<key>children</key>
			<array>
				<string>F0EDFBC01A9ABD4D005FCB07</string>
			</array>
			<key>isa</key>
			<string>PBXVariantGroup</string>
			<key>name</key>
			<string>LaunchScreen.xib</string>
			<key>sourceTree</key>
			<string>&lt;group&gt;</string>
		</dict>
		<key>F0EDFBC01A9ABD4D005FCB07</key>
		<dict>
			<key>isa</key>
			<string>PBXFileReference</string>
			<key>lastKnownFileType</key>
			<string>file.xib</string>
			<key>name</key>
			<string>Base</string>
			<key>path</key>
			<string>Base.lproj/LaunchScreen.xib</string>
			<key>sourceTree</key>
			<string>&lt;group&gt;</string>
		</dict>
		<key>F0EDFBC11A9ABD4D005FCB07</key>
		<dict>
			<key>fileRef</key>
			<string>F0EDFBBF1A9ABD4D005FCB07</string>
			<key>isa</key>
			<string>PBXBuildFile</string>
		</dict>
		<key>F0EDFBC21A9ABD4D005FCB07</key>
		<dict>
			<key>buildActionMask</key>
			<string>2147483647</string>
			<key>files</key>
			<array>
				<string>F0EDFBCD1A9ABD4D005FCB07</string>
			</array>
			<key>isa</key>
			<string>PBXSourcesBuildPhase</string>
			<key>runOnlyForDeploymentPostprocessing</key>
			<string>0</string>
		</dict>
		<key>F0EDFBC31A9ABD4D005FCB07</key>
		<dict>
			<key>buildActionMask</key>
			<string>2147483647</string>
			<key>files</key>
			<array/>
			<key>isa</key>
			<string>PBXFrameworksBuildPhase</string>
			<key>runOnlyForDeploymentPostprocessing</key>
			<string>0</string>
		</dict>
		<key>F0EDFBC41A9ABD4D005FCB07</key>
		<dict>
			<key>buildActionMask</key>
			<string>2147483647</string>
			<key>files</key>
			<array/>
			<key>isa</key>
			<string>PBXResourcesBuildPhase</string>
			<key>runOnlyForDeploymentPostprocessing</key>
			<string>0</string>
		</dict>
		<key>F0EDFBC51A9ABD4D005FCB07</key>
		<dict>
			<key>buildConfigurationList</key>
			<string>F0EDFBD31A9ABD4D005FCB07</string>
			<key>buildPhases</key>
			<array>
				<string>F0EDFBC21A9ABD4D005FCB07</string>
				<string>F0EDFBC31A9ABD4D005FCB07</string>
				<string>F0EDFBC41A9ABD4D005FCB07</string>
			</array>
			<key>buildRules</key>
			<array/>
			<key>dependencies</key>
			<array>
				<string>F0EDFBC81A9ABD4D005FCB07</string>
			</array>
			<key>isa</key>
			<string>PBXNativeTarget</string>
			<key>name</key>
			<string>PonyEmotionBoardTests</string>
			<key>productName</key>
			<string>PonyEmotionBoardTests</string>
			<key>productReference</key>
			<string>F0EDFBC61A9ABD4D005FCB07</string>
			<key>productType</key>
			<string>com.apple.product-type.bundle.unit-test</string>
		</dict>
		<key>F0EDFBC61A9ABD4D005FCB07</key>
		<dict>
			<key>explicitFileType</key>
			<string>wrapper.cfbundle</string>
			<key>includeInIndex</key>
			<string>0</string>
			<key>isa</key>
			<string>PBXFileReference</string>
			<key>path</key>
			<string>PonyEmotionBoardTests.xctest</string>
			<key>sourceTree</key>
			<string>BUILT_PRODUCTS_DIR</string>
		</dict>
		<key>F0EDFBC71A9ABD4D005FCB07</key>
		<dict>
			<key>containerPortal</key>
			<string>F0EDFBA51A9ABD4D005FCB07</string>
			<key>isa</key>
			<string>PBXContainerItemProxy</string>
			<key>proxyType</key>
			<string>1</string>
			<key>remoteGlobalIDString</key>
			<string>F0EDFBAC1A9ABD4D005FCB07</string>
			<key>remoteInfo</key>
			<string>PonyEmotionBoard</string>
		</dict>
		<key>F0EDFBC81A9ABD4D005FCB07</key>
		<dict>
			<key>isa</key>
			<string>PBXTargetDependency</string>
			<key>target</key>
			<string>F0EDFBAC1A9ABD4D005FCB07</string>
			<key>targetProxy</key>
			<string>F0EDFBC71A9ABD4D005FCB07</string>
		</dict>
		<key>F0EDFBC91A9ABD4D005FCB07</key>
		<dict>
			<key>children</key>
			<array>
				<string>F0EDFBCC1A9ABD4D005FCB07</string>
				<string>F0EDFBCA1A9ABD4D005FCB07</string>
			</array>
			<key>isa</key>
			<string>PBXGroup</string>
			<key>path</key>
			<string>PonyEmotionBoardTests</string>
			<key>sourceTree</key>
			<string>&lt;group&gt;</string>
		</dict>
		<key>F0EDFBCA1A9ABD4D005FCB07</key>
		<dict>
			<key>children</key>
			<array>
				<string>F0EDFBCB1A9ABD4D005FCB07</string>
			</array>
			<key>isa</key>
			<string>PBXGroup</string>
			<key>name</key>
			<string>Supporting Files</string>
			<key>sourceTree</key>
			<string>&lt;group&gt;</string>
		</dict>
		<key>F0EDFBCB1A9ABD4D005FCB07</key>
		<dict>
			<key>isa</key>
			<string>PBXFileReference</string>
			<key>lastKnownFileType</key>
			<string>text.plist.xml</string>
			<key>path</key>
			<string>Info.plist</string>
			<key>sourceTree</key>
			<string>&lt;group&gt;</string>
		</dict>
		<key>F0EDFBCC1A9ABD4D005FCB07</key>
		<dict>
			<key>isa</key>
			<string>PBXFileReference</string>
			<key>lastKnownFileType</key>
			<string>sourcecode.c.objc</string>
			<key>path</key>
			<string>PonyEmotionBoardTests.m</string>
			<key>sourceTree</key>
			<string>&lt;group&gt;</string>
		</dict>
		<key>F0EDFBCD1A9ABD4D005FCB07</key>
		<dict>
			<key>fileRef</key>
			<string>F0EDFBCC1A9ABD4D005FCB07</string>
			<key>isa</key>
			<string>PBXBuildFile</string>
		</dict>
		<key>F0EDFBCE1A9ABD4D005FCB07</key>
		<dict>
			<key>buildSettings</key>
			<dict>
				<key>ALWAYS_SEARCH_USER_PATHS</key>
				<string>NO</string>
				<key>CLANG_CXX_LANGUAGE_STANDARD</key>
				<string>gnu++0x</string>
				<key>CLANG_CXX_LIBRARY</key>
				<string>libc++</string>
				<key>CLANG_ENABLE_MODULES</key>
				<string>YES</string>
				<key>CLANG_ENABLE_OBJC_ARC</key>
				<string>YES</string>
				<key>CLANG_WARN_BOOL_CONVERSION</key>
				<string>YES</string>
				<key>CLANG_WARN_CONSTANT_CONVERSION</key>
				<string>YES</string>
				<key>CLANG_WARN_DIRECT_OBJC_ISA_USAGE</key>
				<string>YES_ERROR</string>
				<key>CLANG_WARN_EMPTY_BODY</key>
				<string>YES</string>
				<key>CLANG_WARN_ENUM_CONVERSION</key>
				<string>YES</string>
				<key>CLANG_WARN_INT_CONVERSION</key>
				<string>YES</string>
				<key>CLANG_WARN_OBJC_ROOT_CLASS</key>
				<string>YES_ERROR</string>
				<key>CLANG_WARN_UNREACHABLE_CODE</key>
				<string>YES</string>
				<key>CLANG_WARN__DUPLICATE_METHOD_MATCH</key>
				<string>YES</string>
				<key>CODE_SIGN_IDENTITY[sdk=iphoneos*]</key>
				<string>iPhone Developer</string>
				<key>COPY_PHASE_STRIP</key>
				<string>NO</string>
				<key>ENABLE_STRICT_OBJC_MSGSEND</key>
				<string>YES</string>
				<key>GCC_C_LANGUAGE_STANDARD</key>
				<string>gnu99</string>
				<key>GCC_DYNAMIC_NO_PIC</key>
				<string>NO</string>
				<key>GCC_OPTIMIZATION_LEVEL</key>
				<string>0</string>
				<key>GCC_PREPROCESSOR_DEFINITIONS</key>
				<array>
					<string>DEBUG=1</string>
					<string>$(inherited)</string>
				</array>
				<key>GCC_SYMBOLS_PRIVATE_EXTERN</key>
				<string>NO</string>
				<key>GCC_WARN_64_TO_32_BIT_CONVERSION</key>
				<string>YES</string>
				<key>GCC_WARN_ABOUT_RETURN_TYPE</key>
				<string>YES_ERROR</string>
				<key>GCC_WARN_UNDECLARED_SELECTOR</key>
				<string>YES</string>
				<key>GCC_WARN_UNINITIALIZED_AUTOS</key>
				<string>YES_AGGRESSIVE</string>
				<key>GCC_WARN_UNUSED_FUNCTION</key>
				<string>YES</string>
				<key>GCC_WARN_UNUSED_VARIABLE</key>
				<string>YES</string>
				<key>IPHONEOS_DEPLOYMENT_TARGET</key>
				<string>8.0</string>
				<key>MTL_ENABLE_DEBUG_INFO</key>
				<string>YES</string>
				<key>ONLY_ACTIVE_ARCH</key>
				<string>YES</string>
				<key>SDKROOT</key>
				<string>iphoneos</string>
				<key>TARGETED_DEVICE_FAMILY</key>
				<string>1,2</string>
			</dict>
			<key>isa</key>
			<string>XCBuildConfiguration</string>
			<key>name</key>
			<string>Debug</string>
		</dict>
		<key>F0EDFBCF1A9ABD4D005FCB07</key>
		<dict>
			<key>buildSettings</key>
			<dict>
				<key>ALWAYS_SEARCH_USER_PATHS</key>
				<string>NO</string>
				<key>CLANG_CXX_LANGUAGE_STANDARD</key>
				<string>gnu++0x</string>
				<key>CLANG_CXX_LIBRARY</key>
				<string>libc++</string>
				<key>CLANG_ENABLE_MODULES</key>
				<string>YES</string>
				<key>CLANG_ENABLE_OBJC_ARC</key>
				<string>YES</string>
				<key>CLANG_WARN_BOOL_CONVERSION</key>
				<string>YES</string>
				<key>CLANG_WARN_CONSTANT_CONVERSION</key>
				<string>YES</string>
				<key>CLANG_WARN_DIRECT_OBJC_ISA_USAGE</key>
				<string>YES_ERROR</string>
				<key>CLANG_WARN_EMPTY_BODY</key>
				<string>YES</string>
				<key>CLANG_WARN_ENUM_CONVERSION</key>
				<string>YES</string>
				<key>CLANG_WARN_INT_CONVERSION</key>
				<string>YES</string>
				<key>CLANG_WARN_OBJC_ROOT_CLASS</key>
				<string>YES_ERROR</string>
				<key>CLANG_WARN_UNREACHABLE_CODE</key>
				<string>YES</string>
				<key>CLANG_WARN__DUPLICATE_METHOD_MATCH</key>
				<string>YES</string>
				<key>CODE_SIGN_IDENTITY[sdk=iphoneos*]</key>
				<string>iPhone Developer</string>
				<key>COPY_PHASE_STRIP</key>
				<string>YES</string>
				<key>ENABLE_NS_ASSERTIONS</key>
				<string>NO</string>
				<key>ENABLE_STRICT_OBJC_MSGSEND</key>
				<string>YES</string>
				<key>GCC_C_LANGUAGE_STANDARD</key>
				<string>gnu99</string>
				<key>GCC_WARN_64_TO_32_BIT_CONVERSION</key>
				<string>YES</string>
				<key>GCC_WARN_ABOUT_RETURN_TYPE</key>
				<string>YES_ERROR</string>
				<key>GCC_WARN_UNDECLARED_SELECTOR</key>
				<string>YES</string>
				<key>GCC_WARN_UNINITIALIZED_AUTOS</key>
				<string>YES_AGGRESSIVE</string>
				<key>GCC_WARN_UNUSED_FUNCTION</key>
				<string>YES</string>
				<key>GCC_WARN_UNUSED_VARIABLE</key>
				<string>YES</string>
				<key>IPHONEOS_DEPLOYMENT_TARGET</key>
				<string>8.0</string>
				<key>MTL_ENABLE_DEBUG_INFO</key>
				<string>NO</string>
				<key>SDKROOT</key>
				<string>iphoneos</string>
				<key>TARGETED_DEVICE_FAMILY</key>
				<string>1,2</string>
				<key>VALIDATE_PRODUCT</key>
				<string>YES</string>
			</dict>
			<key>isa</key>
			<string>XCBuildConfiguration</string>
			<key>name</key>
			<string>Release</string>
		</dict>
		<key>F0EDFBD01A9ABD4D005FCB07</key>
		<dict>
			<key>buildConfigurations</key>
			<array>
				<string>F0EDFBD11A9ABD4D005FCB07</string>
				<string>F0EDFBD21A9ABD4D005FCB07</string>
			</array>
			<key>defaultConfigurationIsVisible</key>
			<string>0</string>
			<key>defaultConfigurationName</key>
			<string>Release</string>
			<key>isa</key>
			<string>XCConfigurationList</string>
		</dict>
		<key>F0EDFBD11A9ABD4D005FCB07</key>
		<dict>
			<key>baseConfigurationReference</key>
			<string>E2628217CB017D5D326DD3A8</string>
			<key>buildSettings</key>
			<dict>
				<key>ASSETCATALOG_COMPILER_APPICON_NAME</key>
				<string>AppIcon</string>
				<key>ASSETCATALOG_COMPILER_LAUNCHIMAGE_NAME</key>
				<string>LaunchImage</string>
				<key>INFOPLIST_FILE</key>
				<string>PonyEmotionBoard/Info.plist</string>
				<key>IPHONEOS_DEPLOYMENT_TARGET</key>
				<string>7.0</string>
				<key>LD_RUNPATH_SEARCH_PATHS</key>
				<string>$(inherited) @executable_path/Frameworks</string>
				<key>PRODUCT_NAME</key>
				<string>$(TARGET_NAME)</string>
			</dict>
			<key>isa</key>
			<string>XCBuildConfiguration</string>
			<key>name</key>
			<string>Debug</string>
		</dict>
		<key>F0EDFBD21A9ABD4D005FCB07</key>
		<dict>
			<key>baseConfigurationReference</key>
			<string>E526C7F81DACE20A834A6FBF</string>
			<key>buildSettings</key>
			<dict>
				<key>ASSETCATALOG_COMPILER_APPICON_NAME</key>
				<string>AppIcon</string>
				<key>ASSETCATALOG_COMPILER_LAUNCHIMAGE_NAME</key>
				<string>LaunchImage</string>
				<key>INFOPLIST_FILE</key>
				<string>PonyEmotionBoard/Info.plist</string>
				<key>IPHONEOS_DEPLOYMENT_TARGET</key>
				<string>7.0</string>
				<key>LD_RUNPATH_SEARCH_PATHS</key>
				<string>$(inherited) @executable_path/Frameworks</string>
				<key>PRODUCT_NAME</key>
				<string>$(TARGET_NAME)</string>
			</dict>
			<key>isa</key>
			<string>XCBuildConfiguration</string>
			<key>name</key>
			<string>Release</string>
		</dict>
		<key>F0EDFBD31A9ABD4D005FCB07</key>
		<dict>
			<key>buildConfigurations</key>
			<array>
				<string>F0EDFBD41A9ABD4D005FCB07</string>
				<string>F0EDFBD51A9ABD4D005FCB07</string>
			</array>
			<key>defaultConfigurationIsVisible</key>
			<string>0</string>
			<key>defaultConfigurationName</key>
			<string>Release</string>
			<key>isa</key>
			<string>XCConfigurationList</string>
		</dict>
		<key>F0EDFBD41A9ABD4D005FCB07</key>
		<dict>
			<key>buildSettings</key>
			<dict>
				<key>BUNDLE_LOADER</key>
				<string>$(TEST_HOST)</string>
				<key>FRAMEWORK_SEARCH_PATHS</key>
				<array>
					<string>$(SDKROOT)/Developer/Library/Frameworks</string>
					<string>$(inherited)</string>
				</array>
				<key>GCC_PREPROCESSOR_DEFINITIONS</key>
				<array>
					<string>DEBUG=1</string>
					<string>$(inherited)</string>
				</array>
				<key>INFOPLIST_FILE</key>
				<string>PonyEmotionBoardTests/Info.plist</string>
				<key>LD_RUNPATH_SEARCH_PATHS</key>
				<string>$(inherited) @executable_path/Frameworks @loader_path/Frameworks</string>
				<key>PRODUCT_NAME</key>
				<string>$(TARGET_NAME)</string>
				<key>TEST_HOST</key>
				<string>$(BUILT_PRODUCTS_DIR)/PonyEmotionBoard.app/PonyEmotionBoard</string>
			</dict>
			<key>isa</key>
			<string>XCBuildConfiguration</string>
			<key>name</key>
			<string>Debug</string>
		</dict>
		<key>F0EDFBD51A9ABD4D005FCB07</key>
		<dict>
			<key>buildSettings</key>
			<dict>
				<key>BUNDLE_LOADER</key>
				<string>$(TEST_HOST)</string>
				<key>FRAMEWORK_SEARCH_PATHS</key>
				<array>
					<string>$(SDKROOT)/Developer/Library/Frameworks</string>
					<string>$(inherited)</string>
				</array>
				<key>INFOPLIST_FILE</key>
				<string>PonyEmotionBoardTests/Info.plist</string>
				<key>LD_RUNPATH_SEARCH_PATHS</key>
				<string>$(inherited) @executable_path/Frameworks @loader_path/Frameworks</string>
				<key>PRODUCT_NAME</key>
				<string>$(TARGET_NAME)</string>
				<key>TEST_HOST</key>
				<string>$(BUILT_PRODUCTS_DIR)/PonyEmotionBoard.app/PonyEmotionBoard</string>
			</dict>
			<key>isa</key>
			<string>XCBuildConfiguration</string>
			<key>name</key>
			<string>Release</string>
		</dict>
		<key>F0EDFBD61A9AC2F0005FCB07</key>
		<dict>
			<key>children</key>
			<array>
				<string>F0EDFBD71A9AC2F0005FCB07</string>
				<string>F0EDFBDB1A9AC2F0005FCB07</string>
				<string>F0EDFBDC1A9AC312005FCB07</string>
				<string>F0EDFBDD1A9AC312005FCB07</string>
			</array>
			<key>isa</key>
			<string>PBXGroup</string>
			<key>path</key>
			<string>Classes</string>
			<key>sourceTree</key>
			<string>&lt;group&gt;</string>
		</dict>
		<key>F0EDFBD71A9AC2F0005FCB07</key>
		<dict>
			<key>children</key>
			<array>
				<string>F0EDFBD81A9AC2F0005FCB07</string>
				<string>F0EDFBD91A9AC2F0005FCB07</string>
				<string>F0EDFBDA1A9AC2F0005FCB07</string>
			</array>
			<key>isa</key>
			<string>PBXGroup</string>
			<key>path</key>
			<string>Application</string>
			<key>sourceTree</key>
			<string>&lt;group&gt;</string>
		</dict>
		<key>F0EDFBD81A9AC2F0005FCB07</key>
		<dict>
			<key>children</key>
			<array>
				<string>F0EDFBDF1A9AC345005FCB07</string>
				<string>F0EDFBE01A9AC345005FCB07</string>
				<string>F0EDFBE21A9AC35B005FCB07</string>
				<string>F0EDFBE31A9AC35B005FCB07</string>
			</array>
			<key>isa</key>
			<string>PBXGroup</string>
			<key>path</key>
			<string>Application Interface</string>
			<key>sourceTree</key>
			<string>&lt;group&gt;</string>
		</dict>
		<key>F0EDFBD91A9AC2F0005FCB07</key>
		<dict>
			<key>children</key>
			<array/>
			<key>isa</key>
			<string>PBXGroup</string>
			<key>path</key>
			<string>Application Logic</string>
			<key>sourceTree</key>
			<string>&lt;group&gt;</string>
		</dict>
		<key>F0EDFBDA1A9AC2F0005FCB07</key>
		<dict>
			<key>children</key>
			<array>
				<string>F0EDFBE51A9AC498005FCB07</string>
				<string>F0EDFBE61A9AC498005FCB07</string>
				<string>F0EDFBE71A9AC498005FCB07</string>
				<string>F0EDFBE81A9AC498005FCB07</string>
			</array>
			<key>isa</key>
			<string>PBXGroup</string>
			<key>path</key>
			<string>User Interface</string>
			<key>sourceTree</key>
			<string>&lt;group&gt;</string>
		</dict>
		<key>F0EDFBDB1A9AC2F0005FCB07</key>
		<dict>
			<key>children</key>
			<array>
				<string>F0EDFBF11A9AC584005FCB07</string>
			</array>
			<key>isa</key>
			<string>PBXGroup</string>
			<key>path</key>
			<string>Common</string>
			<key>sourceTree</key>
			<string>&lt;group&gt;</string>
		</dict>
		<key>F0EDFBDC1A9AC312005FCB07</key>
		<dict>
			<key>fileEncoding</key>
			<string>4</string>
			<key>isa</key>
			<string>PBXFileReference</string>
			<key>lastKnownFileType</key>
			<string>sourcecode.c.h</string>
			<key>path</key>
			<string>PEBApplication.h</string>
			<key>sourceTree</key>
			<string>&lt;group&gt;</string>
		</dict>
		<key>F0EDFBDD1A9AC312005FCB07</key>
		<dict>
			<key>fileEncoding</key>
			<string>4</string>
			<key>isa</key>
			<string>PBXFileReference</string>
			<key>lastKnownFileType</key>
			<string>sourcecode.c.objc</string>
			<key>path</key>
			<string>PEBApplication.m</string>
			<key>sourceTree</key>
			<string>&lt;group&gt;</string>
		</dict>
		<key>F0EDFBDE1A9AC312005FCB07</key>
		<dict>
			<key>fileRef</key>
			<string>F0EDFBDD1A9AC312005FCB07</string>
			<key>isa</key>
			<string>PBXBuildFile</string>
		</dict>
		<key>F0EDFBDF1A9AC345005FCB07</key>
		<dict>
			<key>fileEncoding</key>
			<string>4</string>
			<key>isa</key>
			<string>PBXFileReference</string>
			<key>lastKnownFileType</key>
			<string>sourcecode.c.h</string>
			<key>path</key>
			<string>PEBCore.h</string>
			<key>sourceTree</key>
			<string>&lt;group&gt;</string>
		</dict>
		<key>F0EDFBE01A9AC345005FCB07</key>
		<dict>
			<key>fileEncoding</key>
			<string>4</string>
			<key>isa</key>
			<string>PBXFileReference</string>
			<key>lastKnownFileType</key>
			<string>sourcecode.c.objc</string>
			<key>path</key>
			<string>PEBCore.m</string>
			<key>sourceTree</key>
			<string>&lt;group&gt;</string>
		</dict>
		<key>F0EDFBE11A9AC345005FCB07</key>
		<dict>
			<key>fileRef</key>
			<string>F0EDFBE01A9AC345005FCB07</string>
			<key>isa</key>
			<string>PBXBuildFile</string>
		</dict>
		<key>F0EDFBE21A9AC35B005FCB07</key>
		<dict>
			<key>fileEncoding</key>
			<string>4</string>
			<key>isa</key>
			<string>PBXFileReference</string>
			<key>lastKnownFileType</key>
			<string>sourcecode.c.h</string>
			<key>path</key>
			<string>PEBDefines.h</string>
			<key>sourceTree</key>
			<string>&lt;group&gt;</string>
		</dict>
		<key>F0EDFBE31A9AC35B005FCB07</key>
		<dict>
			<key>fileEncoding</key>
			<string>4</string>
			<key>isa</key>
			<string>PBXFileReference</string>
			<key>lastKnownFileType</key>
			<string>sourcecode.c.objc</string>
			<key>path</key>
			<string>PEBDefines.m</string>
			<key>sourceTree</key>
			<string>&lt;group&gt;</string>
		</dict>
		<key>F0EDFBE41A9AC35B005FCB07</key>
		<dict>
			<key>fileRef</key>
			<string>F0EDFBE31A9AC35B005FCB07</string>
			<key>isa</key>
			<string>PBXBuildFile</string>
		</dict>
		<key>F0EDFBE51A9AC498005FCB07</key>
		<dict>
			<key>children</key>
			<array>
				<string>F0EDFBFB1A9C1A23005FCB07</string>
				<string>F0EDFBFC1A9C1A23005FCB07</string>
				<string>F0EDFBFE1A9C1C3E005FCB07</string>
				<string>F0EDFBFF1A9C1C3E005FCB07</string>
				<string>F0EDFC011A9C1CE2005FCB07</string>
				<string>F0EDFC021A9C1CE2005FCB07</string>
			</array>
			<key>isa</key>
			<string>PBXGroup</string>
			<key>path</key>
			<string>Interactor</string>
			<key>sourceTree</key>
			<string>&lt;group&gt;</string>
		</dict>
		<key>F0EDFBE61A9AC498005FCB07</key>
		<dict>
			<key>children</key>
			<array>
				<string>F0EDFBF81A9C1A16005FCB07</string>
				<string>F0EDFBF91A9C1A16005FCB07</string>
				<string>F0EDFC071A9C294F005FCB07</string>
				<string>F0EDFC081A9C294F005FCB07</string>
				<string>F0EDFC0D1A9D770F005FCB07</string>
				<string>F0EDFC0E1A9D770F005FCB07</string>
			</array>
			<key>isa</key>
			<string>PBXGroup</string>
			<key>path</key>
			<string>Presenter</string>
			<key>sourceTree</key>
			<string>&lt;group&gt;</string>
		</dict>
		<key>F0EDFBE71A9AC498005FCB07</key>
		<dict>
			<key>children</key>
			<array>
				<string>F0EDFBF51A9AD3B9005FCB07</string>
				<string>F0EDFBF61A9AD3B9005FCB07</string>
				<string>6364A5B81A9EC68800409722</string>
				<string>6364A5B91A9EC68800409722</string>
				<string>F0EDFC041A9C26EA005FCB07</string>
				<string>F0EDFC051A9C26EA005FCB07</string>
				<string>F0EDFC0A1A9D76F5005FCB07</string>
				<string>F0EDFC0B1A9D76F5005FCB07</string>
			</array>
			<key>isa</key>
			<string>PBXGroup</string>
			<key>path</key>
			<string>View</string>
			<key>sourceTree</key>
			<string>&lt;group&gt;</string>
		</dict>
		<key>F0EDFBE81A9AC498005FCB07</key>
		<dict>
			<key>children</key>
			<array>
				<string>F0EDFBEE1A9AC529005FCB07</string>
				<string>F0EDFBEF1A9AC529005FCB07</string>
			</array>
			<key>isa</key>
			<string>PBXGroup</string>
			<key>path</key>
			<string>Wireframe</string>
			<key>sourceTree</key>
			<string>&lt;group&gt;</string>
		</dict>
		<key>F0EDFBE91A9AC4DD005FCB07</key>
		<dict>
			<key>children</key>
			<array>
				<string>F0EDFBEA1A9AC4FC005FCB07</string>
				<string>F0EDFBEC1A9AC50E005FCB07</string>
			</array>
			<key>isa</key>
			<string>PBXGroup</string>
			<key>path</key>
			<string>Resources</string>
			<key>sourceTree</key>
			<string>&lt;group&gt;</string>
		</dict>
		<key>F0EDFBEA1A9AC4FC005FCB07</key>
		<dict>
			<key>fileEncoding</key>
			<string>4</string>
			<key>isa</key>
			<string>PBXFileReference</string>
			<key>lastKnownFileType</key>
			<string>file.storyboard</string>
			<key>path</key>
			<string>PEBStoryBoard.storyboard</string>
			<key>sourceTree</key>
			<string>&lt;group&gt;</string>
		</dict>
		<key>F0EDFBEB1A9AC4FC005FCB07</key>
		<dict>
			<key>fileRef</key>
			<string>F0EDFBEA1A9AC4FC005FCB07</string>
			<key>isa</key>
			<string>PBXBuildFile</string>
		</dict>
		<key>F0EDFBEC1A9AC50E005FCB07</key>
		<dict>
			<key>isa</key>
			<string>PBXFileReference</string>
			<key>lastKnownFileType</key>
			<string>folder.assetcatalog</string>
			<key>path</key>
			<string>PEBImages.xcassets</string>
			<key>sourceTree</key>
			<string>&lt;group&gt;</string>
		</dict>
		<key>F0EDFBED1A9AC50E005FCB07</key>
		<dict>
			<key>fileRef</key>
			<string>F0EDFBEC1A9AC50E005FCB07</string>
			<key>isa</key>
			<string>PBXBuildFile</string>
		</dict>
		<key>F0EDFBEE1A9AC529005FCB07</key>
		<dict>
			<key>fileEncoding</key>
			<string>4</string>
			<key>isa</key>
			<string>PBXFileReference</string>
			<key>lastKnownFileType</key>
			<string>sourcecode.c.h</string>
			<key>path</key>
			<string>PEBWireframe.h</string>
			<key>sourceTree</key>
			<string>&lt;group&gt;</string>
		</dict>
		<key>F0EDFBEF1A9AC529005FCB07</key>
		<dict>
			<key>fileEncoding</key>
			<string>4</string>
			<key>isa</key>
			<string>PBXFileReference</string>
			<key>lastKnownFileType</key>
			<string>sourcecode.c.objc</string>
			<key>path</key>
			<string>PEBWireframe.m</string>
			<key>sourceTree</key>
			<string>&lt;group&gt;</string>
		</dict>
		<key>F0EDFBF01A9AC529005FCB07</key>
		<dict>
			<key>fileRef</key>
			<string>F0EDFBEF1A9AC529005FCB07</string>
			<key>isa</key>
			<string>PBXBuildFile</string>
		</dict>
		<key>F0EDFBF11A9AC584005FCB07</key>
		<dict>
			<key>children</key>
			<array>
				<string>F0EDFBF21A9AC598005FCB07</string>
				<string>F0EDFBF31A9AC598005FCB07</string>
			</array>
			<key>isa</key>
			<string>PBXGroup</string>
			<key>path</key>
			<string>Categories</string>
			<key>sourceTree</key>
			<string>&lt;group&gt;</string>
		</dict>
		<key>F0EDFBF21A9AC598005FCB07</key>
		<dict>
			<key>fileEncoding</key>
			<string>4</string>
			<key>isa</key>
			<string>PBXFileReference</string>
			<key>lastKnownFileType</key>
			<string>sourcecode.c.h</string>
			<key>path</key>
			<string>PEBApplication+PEBCore.h</string>
			<key>sourceTree</key>
			<string>&lt;group&gt;</string>
		</dict>
		<key>F0EDFBF31A9AC598005FCB07</key>
		<dict>
			<key>fileEncoding</key>
			<string>4</string>
			<key>isa</key>
			<string>PBXFileReference</string>
			<key>lastKnownFileType</key>
			<string>sourcecode.c.objc</string>
			<key>path</key>
			<string>PEBApplication+PEBCore.m</string>
			<key>sourceTree</key>
			<string>&lt;group&gt;</string>
		</dict>
		<key>F0EDFBF41A9AC598005FCB07</key>
		<dict>
			<key>fileRef</key>
			<string>F0EDFBF31A9AC598005FCB07</string>
			<key>isa</key>
			<string>PBXBuildFile</string>
		</dict>
		<key>F0EDFBF51A9AD3B9005FCB07</key>
		<dict>
			<key>fileEncoding</key>
			<string>4</string>
			<key>isa</key>
			<string>PBXFileReference</string>
			<key>lastKnownFileType</key>
			<string>sourcecode.c.h</string>
			<key>path</key>
			<string>PEBKeyboardViewController.h</string>
			<key>sourceTree</key>
			<string>&lt;group&gt;</string>
		</dict>
		<key>F0EDFBF61A9AD3B9005FCB07</key>
		<dict>
			<key>fileEncoding</key>
			<string>4</string>
			<key>isa</key>
			<string>PBXFileReference</string>
			<key>lastKnownFileType</key>
			<string>sourcecode.c.objc</string>
			<key>path</key>
			<string>PEBKeyboardViewController.m</string>
			<key>sourceTree</key>
			<string>&lt;group&gt;</string>
		</dict>
		<key>F0EDFBF71A9AD3B9005FCB07</key>
		<dict>
			<key>fileRef</key>
			<string>F0EDFBF61A9AD3B9005FCB07</string>
			<key>isa</key>
			<string>PBXBuildFile</string>
		</dict>
		<key>F0EDFBF81A9C1A16005FCB07</key>
		<dict>
			<key>fileEncoding</key>
			<string>4</string>
			<key>isa</key>
			<string>PBXFileReference</string>
			<key>lastKnownFileType</key>
			<string>sourcecode.c.h</string>
			<key>path</key>
			<string>PEBKeyboardPresenter.h</string>
			<key>sourceTree</key>
			<string>&lt;group&gt;</string>
		</dict>
		<key>F0EDFBF91A9C1A16005FCB07</key>
		<dict>
			<key>fileEncoding</key>
			<string>4</string>
			<key>isa</key>
			<string>PBXFileReference</string>
			<key>lastKnownFileType</key>
			<string>sourcecode.c.objc</string>
			<key>path</key>
			<string>PEBKeyboardPresenter.m</string>
			<key>sourceTree</key>
			<string>&lt;group&gt;</string>
		</dict>
		<key>F0EDFBFA1A9C1A16005FCB07</key>
		<dict>
			<key>fileRef</key>
			<string>F0EDFBF91A9C1A16005FCB07</string>
			<key>isa</key>
			<string>PBXBuildFile</string>
		</dict>
		<key>F0EDFBFB1A9C1A23005FCB07</key>
		<dict>
			<key>fileEncoding</key>
			<string>4</string>
			<key>isa</key>
			<string>PBXFileReference</string>
			<key>lastKnownFileType</key>
			<string>sourcecode.c.h</string>
			<key>path</key>
			<string>PEBKeyboardInteractor.h</string>
			<key>sourceTree</key>
			<string>&lt;group&gt;</string>
		</dict>
		<key>F0EDFBFC1A9C1A23005FCB07</key>
		<dict>
			<key>fileEncoding</key>
			<string>4</string>
			<key>isa</key>
			<string>PBXFileReference</string>
			<key>lastKnownFileType</key>
			<string>sourcecode.c.objc</string>
			<key>path</key>
			<string>PEBKeyboardInteractor.m</string>
			<key>sourceTree</key>
			<string>&lt;group&gt;</string>
		</dict>
		<key>F0EDFBFD1A9C1A23005FCB07</key>
		<dict>
			<key>fileRef</key>
			<string>F0EDFBFC1A9C1A23005FCB07</string>
			<key>isa</key>
			<string>PBXBuildFile</string>
		</dict>
		<key>F0EDFBFE1A9C1C3E005FCB07</key>
		<dict>
			<key>fileEncoding</key>
			<string>4</string>
			<key>isa</key>
			<string>PBXFileReference</string>
			<key>lastKnownFileType</key>
			<string>sourcecode.c.h</string>
			<key>path</key>
			<string>PEBEmotionGroupInteractor.h</string>
			<key>sourceTree</key>
			<string>&lt;group&gt;</string>
		</dict>
		<key>F0EDFBFF1A9C1C3E005FCB07</key>
		<dict>
			<key>fileEncoding</key>
			<string>4</string>
			<key>isa</key>
			<string>PBXFileReference</string>
			<key>lastKnownFileType</key>
			<string>sourcecode.c.objc</string>
			<key>path</key>
			<string>PEBEmotionGroupInteractor.m</string>
			<key>sourceTree</key>
			<string>&lt;group&gt;</string>
		</dict>
		<key>F0EDFC001A9C1C3E005FCB07</key>
		<dict>
			<key>fileRef</key>
			<string>F0EDFBFF1A9C1C3E005FCB07</string>
			<key>isa</key>
			<string>PBXBuildFile</string>
		</dict>
		<key>F0EDFC011A9C1CE2005FCB07</key>
		<dict>
			<key>fileEncoding</key>
			<string>4</string>
			<key>isa</key>
			<string>PBXFileReference</string>
			<key>lastKnownFileType</key>
			<string>sourcecode.c.h</string>
			<key>path</key>
			<string>PEBEmotionItemInteractor.h</string>
			<key>sourceTree</key>
			<string>&lt;group&gt;</string>
		</dict>
		<key>F0EDFC021A9C1CE2005FCB07</key>
		<dict>
			<key>fileEncoding</key>
			<string>4</string>
			<key>isa</key>
			<string>PBXFileReference</string>
			<key>lastKnownFileType</key>
			<string>sourcecode.c.objc</string>
			<key>path</key>
			<string>PEBEmotionItemInteractor.m</string>
			<key>sourceTree</key>
			<string>&lt;group&gt;</string>
		</dict>
		<key>F0EDFC031A9C1CE2005FCB07</key>
		<dict>
			<key>fileRef</key>
			<string>F0EDFC021A9C1CE2005FCB07</string>
			<key>isa</key>
			<string>PBXBuildFile</string>
		</dict>
		<key>F0EDFC041A9C26EA005FCB07</key>
		<dict>
			<key>fileEncoding</key>
			<string>4</string>
			<key>isa</key>
			<string>PBXFileReference</string>
			<key>lastKnownFileType</key>
			<string>sourcecode.c.h</string>
			<key>path</key>
			<string>PEBEmotionGroupCollectionViewCell.h</string>
			<key>sourceTree</key>
			<string>&lt;group&gt;</string>
		</dict>
		<key>F0EDFC051A9C26EA005FCB07</key>
		<dict>
			<key>fileEncoding</key>
			<string>4</string>
			<key>isa</key>
			<string>PBXFileReference</string>
			<key>lastKnownFileType</key>
			<string>sourcecode.c.objc</string>
			<key>path</key>
			<string>PEBEmotionGroupCollectionViewCell.m</string>
			<key>sourceTree</key>
			<string>&lt;group&gt;</string>
		</dict>
		<key>F0EDFC061A9C26EA005FCB07</key>
		<dict>
			<key>fileRef</key>
			<string>F0EDFC051A9C26EA005FCB07</string>
			<key>isa</key>
			<string>PBXBuildFile</string>
		</dict>
		<key>F0EDFC071A9C294F005FCB07</key>
		<dict>
			<key>fileEncoding</key>
			<string>4</string>
			<key>isa</key>
			<string>PBXFileReference</string>
			<key>lastKnownFileType</key>
			<string>sourcecode.c.h</string>
			<key>path</key>
			<string>PEBEmotionGroupPresenter.h</string>
			<key>sourceTree</key>
			<string>&lt;group&gt;</string>
		</dict>
		<key>F0EDFC081A9C294F005FCB07</key>
		<dict>
			<key>fileEncoding</key>
			<string>4</string>
			<key>isa</key>
			<string>PBXFileReference</string>
			<key>lastKnownFileType</key>
			<string>sourcecode.c.objc</string>
			<key>path</key>
			<string>PEBEmotionGroupPresenter.m</string>
			<key>sourceTree</key>
			<string>&lt;group&gt;</string>
		</dict>
		<key>F0EDFC091A9C294F005FCB07</key>
		<dict>
			<key>fileRef</key>
			<string>F0EDFC081A9C294F005FCB07</string>
			<key>isa</key>
			<string>PBXBuildFile</string>
		</dict>
		<key>F0EDFC0A1A9D76F5005FCB07</key>
		<dict>
			<key>fileEncoding</key>
			<string>4</string>
			<key>isa</key>
			<string>PBXFileReference</string>
			<key>lastKnownFileType</key>
			<string>sourcecode.c.h</string>
			<key>path</key>
			<string>PEBEmotionItemCollectionViewCell.h</string>
			<key>sourceTree</key>
			<string>&lt;group&gt;</string>
		</dict>
		<key>F0EDFC0B1A9D76F5005FCB07</key>
		<dict>
			<key>fileEncoding</key>
			<string>4</string>
			<key>isa</key>
			<string>PBXFileReference</string>
			<key>lastKnownFileType</key>
			<string>sourcecode.c.objc</string>
			<key>path</key>
			<string>PEBEmotionItemCollectionViewCell.m</string>
			<key>sourceTree</key>
			<string>&lt;group&gt;</string>
		</dict>
		<key>F0EDFC0C1A9D76F5005FCB07</key>
		<dict>
			<key>fileRef</key>
			<string>F0EDFC0B1A9D76F5005FCB07</string>
			<key>isa</key>
			<string>PBXBuildFile</string>
		</dict>
		<key>F0EDFC0D1A9D770F005FCB07</key>
		<dict>
			<key>fileEncoding</key>
			<string>4</string>
			<key>isa</key>
			<string>PBXFileReference</string>
			<key>lastKnownFileType</key>
			<string>sourcecode.c.h</string>
			<key>path</key>
			<string>PEBEmotionItemPresenter.h</string>
			<key>sourceTree</key>
			<string>&lt;group&gt;</string>
		</dict>
		<key>F0EDFC0E1A9D770F005FCB07</key>
		<dict>
			<key>fileEncoding</key>
			<string>4</string>
			<key>isa</key>
			<string>PBXFileReference</string>
			<key>lastKnownFileType</key>
			<string>sourcecode.c.objc</string>
			<key>path</key>
			<string>PEBEmotionItemPresenter.m</string>
			<key>sourceTree</key>
			<string>&lt;group&gt;</string>
		</dict>
		<key>F0EDFC0F1A9D770F005FCB07</key>
		<dict>
			<key>fileRef</key>
			<string>F0EDFC0E1A9D770F005FCB07</string>
			<key>isa</key>
			<string>PBXBuildFile</string>
		</dict>
	</dict>
	<key>rootObject</key>
	<string>F0EDFBA51A9ABD4D005FCB07</string>
</dict>
</plist>
